
Microsoft Visual Studio Solution File, Format Version 12.00
# Visual Studio Version 16
VisualStudioVersion = 16.0.30611.23
MinimumVisualStudioVersion = 10.0.40219.1
Project("{FAE04EC0-301F-11D3-BF4B-00C04F79EFBC}") = "PuntoEncuento", "PuntoEncuento\PuntoEncuento.csproj", "{04BB91AE-49D7-4BFB-AFDE-1A1DF6BF4281}"
EndProject
Global
	GlobalSection(SolutionConfigurationPlatforms) = preSolution
		Debug|Any CPU = Debug|Any CPU
		Release|Any CPU = Release|Any CPU
	EndGlobalSection
	GlobalSection(ProjectConfigurationPlatforms) = postSolution
		{04BB91AE-49D7-4BFB-AFDE-1A1DF6BF4281}.Debug|Any CPU.ActiveCfg = Debug|Any CPU
		{04BB91AE-49D7-4BFB-AFDE-1A1DF6BF4281}.Debug|Any CPU.Build.0 = Debug|Any CPU
		{04BB91AE-49D7-4BFB-AFDE-1A1DF6BF4281}.Release|Any CPU.ActiveCfg = Release|Any CPU
		{04BB91AE-49D7-4BFB-AFDE-1A1DF6BF4281}.Release|Any CPU.Build.0 = Release|Any CPU
	EndGlobalSection
	GlobalSection(SolutionProperties) = preSolution
		HideSolutionNode = FALSE
	EndGlobalSection
	GlobalSection(ExtensibilityGlobals) = postSolution
		SolutionGuid = {0F2A4325-4C4A-4C30-BC43-56EEEEBC7571}
	EndGlobalSection
EndGlobal
